
Microsoft Visual Studio Solution File, Format Version 12.00
# Visual Studio Version 16
VisualStudioVersion = 16.0.30204.135
MinimumVisualStudioVersion = 10.0.40219.1
Project("{FAE04EC0-301F-11D3-BF4B-00C04F79EFBC}") = "AgendaTelefonica.API", "AgendaTelefonica.API\AgendaTelefonica.API.csproj", "{C1F9043E-C4E2-48AC-BF97-4563A8767470}"
EndProject
Project("{FAE04EC0-301F-11D3-BF4B-00C04F79EFBC}") = "AgendaTelefonica.Modelo", "AgendaTelefonica.Modelo\AgendaTelefonica.Modelo.csproj", "{AB19D3BD-A1BC-4A3D-A36E-D0C15152C4C1}"
EndProject
Project("{FAE04EC0-301F-11D3-BF4B-00C04F79EFBC}") = "AgendaTelefonica.Repositorio", "AgendaTelefonica.Repositorio\AgendaTelefonica.Repositorio.csproj", "{8D8D3EB4-5B6E-4CB4-9E7C-4C1B1124D195}"
EndProject
Global
	GlobalSection(SolutionConfigurationPlatforms) = preSolution
		Debug|Any CPU = Debug|Any CPU
		Release|Any CPU = Release|Any CPU
	EndGlobalSection
	GlobalSection(ProjectConfigurationPlatforms) = postSolution
		{C1F9043E-C4E2-48AC-BF97-4563A8767470}.Debug|Any CPU.ActiveCfg = Debug|Any CPU
		{C1F9043E-C4E2-48AC-BF97-4563A8767470}.Debug|Any CPU.Build.0 = Debug|Any CPU
		{C1F9043E-C4E2-48AC-BF97-4563A8767470}.Release|Any CPU.ActiveCfg = Release|Any CPU
		{C1F9043E-C4E2-48AC-BF97-4563A8767470}.Release|Any CPU.Build.0 = Release|Any CPU
		{AB19D3BD-A1BC-4A3D-A36E-D0C15152C4C1}.Debug|Any CPU.ActiveCfg = Debug|Any CPU
		{AB19D3BD-A1BC-4A3D-A36E-D0C15152C4C1}.Debug|Any CPU.Build.0 = Debug|Any CPU
		{AB19D3BD-A1BC-4A3D-A36E-D0C15152C4C1}.Release|Any CPU.ActiveCfg = Release|Any CPU
		{AB19D3BD-A1BC-4A3D-A36E-D0C15152C4C1}.Release|Any CPU.Build.0 = Release|Any CPU
		{8D8D3EB4-5B6E-4CB4-9E7C-4C1B1124D195}.Debug|Any CPU.ActiveCfg = Debug|Any CPU
		{8D8D3EB4-5B6E-4CB4-9E7C-4C1B1124D195}.Debug|Any CPU.Build.0 = Debug|Any CPU
		{8D8D3EB4-5B6E-4CB4-9E7C-4C1B1124D195}.Release|Any CPU.ActiveCfg = Release|Any CPU
		{8D8D3EB4-5B6E-4CB4-9E7C-4C1B1124D195}.Release|Any CPU.Build.0 = Release|Any CPU
	EndGlobalSection
	GlobalSection(SolutionProperties) = preSolution
		HideSolutionNode = FALSE
	EndGlobalSection
	GlobalSection(ExtensibilityGlobals) = postSolution
		SolutionGuid = {F51EECC2-97DD-4251-BA08-CEF8399FF65F}
	EndGlobalSection
EndGlobal
